
Microsoft Visual Studio Solution File, Format Version 12.00
# Visual Studio 15
VisualStudioVersion = 15.0.28307.705
MinimumVisualStudioVersion = 10.0.40219.1
Project("{FAE04EC0-301F-11D3-BF4B-00C04F79EFBC}") = "CodeBenchmark", "CodeBenchmark\CodeBenchmark.csproj", "{C9E2ACB1-B396-44EB-87DF-8C5B411BEBB4}"
EndProject
Project("{FAE04EC0-301F-11D3-BF4B-00C04F79EFBC}") = "CodeBenchmark.ConsoleApp", "CodeBenchmark.ConsoleApp\CodeBenchmark.ConsoleApp.csproj", "{F1847D73-2D68-4956-B717-275227E33BBE}"
EndProject
Global
	GlobalSection(SolutionConfigurationPlatforms) = preSolution
		Debug|Any CPU = Debug|Any CPU
		Release|Any CPU = Release|Any CPU
	EndGlobalSection
	GlobalSection(ProjectConfigurationPlatforms) = postSolution
		{C9E2ACB1-B396-44EB-87DF-8C5B411BEBB4}.Debug|Any CPU.ActiveCfg = Debug|Any CPU
		{C9E2ACB1-B396-44EB-87DF-8C5B411BEBB4}.Debug|Any CPU.Build.0 = Debug|Any CPU
		{C9E2ACB1-B396-44EB-87DF-8C5B411BEBB4}.Release|Any CPU.ActiveCfg = Release|Any CPU
		{C9E2ACB1-B396-44EB-87DF-8C5B411BEBB4}.Release|Any CPU.Build.0 = Release|Any CPU
		{F1847D73-2D68-4956-B717-275227E33BBE}.Debug|Any CPU.ActiveCfg = Debug|Any CPU
		{F1847D73-2D68-4956-B717-275227E33BBE}.Debug|Any CPU.Build.0 = Debug|Any CPU
		{F1847D73-2D68-4956-B717-275227E33BBE}.Release|Any CPU.ActiveCfg = Release|Any CPU
		{F1847D73-2D68-4956-B717-275227E33BBE}.Release|Any CPU.Build.0 = Release|Any CPU
	EndGlobalSection
	GlobalSection(SolutionProperties) = preSolution
		HideSolutionNode = FALSE
	EndGlobalSection
	GlobalSection(ExtensibilityGlobals) = postSolution
		SolutionGuid = {C1F5D679-E4FC-479E-9AFD-8FB190C4E85E}
	EndGlobalSection
EndGlobal
